
Microsoft Visual Studio Solution File, Format Version 12.00
# Visual Studio 15
VisualStudioVersion = 15.0.27428.2005
MinimumVisualStudioVersion = 10.0.40219.1
Project("{FAE04EC0-301F-11D3-BF4B-00C04F79EFBC}") = "CanoePoloLeagueOrganiserXamarin", "CanoePoloLeagueOrganiserXamarin\CanoePoloLeagueOrganiserXamarin.csproj", "{E0552043-BC04-476F-B938-C2883D71FB7B}"
EndProject
Global
	GlobalSection(SolutionConfigurationPlatforms) = preSolution
		Ad-Hoc|Any CPU = Ad-Hoc|Any CPU
		Ad-Hoc|iPhone = Ad-Hoc|iPhone
		Ad-Hoc|iPhoneSimulator = Ad-Hoc|iPhoneSimulator
		AppStore|Any CPU = AppStore|Any CPU
		AppStore|iPhone = AppStore|iPhone
		AppStore|iPhoneSimulator = AppStore|iPhoneSimulator
		Debug|Any CPU = Debug|Any CPU
		Debug|iPhone = Debug|iPhone
		Debug|iPhoneSimulator = Debug|iPhoneSimulator
		Release|Any CPU = Release|Any CPU
		Release|iPhone = Release|iPhone
		Release|iPhoneSimulator = Release|iPhoneSimulator
	EndGlobalSection
	GlobalSection(ProjectConfigurationPlatforms) = postSolution
		{E0552043-BC04-476F-B938-C2883D71FB7B}.Ad-Hoc|Any CPU.ActiveCfg = Release|Any CPU
		{E0552043-BC04-476F-B938-C2883D71FB7B}.Ad-Hoc|Any CPU.Build.0 = Release|Any CPU
		{E0552043-BC04-476F-B938-C2883D71FB7B}.Ad-Hoc|Any CPU.Deploy.0 = Release|Any CPU
		{E0552043-BC04-476F-B938-C2883D71FB7B}.Ad-Hoc|iPhone.ActiveCfg = Release|Any CPU
		{E0552043-BC04-476F-B938-C2883D71FB7B}.Ad-Hoc|iPhone.Build.0 = Release|Any CPU
		{E0552043-BC04-476F-B938-C2883D71FB7B}.Ad-Hoc|iPhone.Deploy.0 = Release|Any CPU
		{E0552043-BC04-476F-B938-C2883D71FB7B}.Ad-Hoc|iPhoneSimulator.ActiveCfg = Release|Any CPU
		{E0552043-BC04-476F-B938-C2883D71FB7B}.Ad-Hoc|iPhoneSimulator.Build.0 = Release|Any CPU
		{E0552043-BC04-476F-B938-C2883D71FB7B}.Ad-Hoc|iPhoneSimulator.Deploy.0 = Release|Any CPU
		{E0552043-BC04-476F-B938-C2883D71FB7B}.AppStore|Any CPU.ActiveCfg = Release|Any CPU
		{E0552043-BC04-476F-B938-C2883D71FB7B}.AppStore|Any CPU.Build.0 = Release|Any CPU
		{E0552043-BC04-476F-B938-C2883D71FB7B}.AppStore|Any CPU.Deploy.0 = Release|Any CPU
		{E0552043-BC04-476F-B938-C2883D71FB7B}.AppStore|iPhone.ActiveCfg = Release|Any CPU
		{E0552043-BC04-476F-B938-C2883D71FB7B}.AppStore|iPhone.Build.0 = Release|Any CPU
		{E0552043-BC04-476F-B938-C2883D71FB7B}.AppStore|iPhone.Deploy.0 = Release|Any CPU
		{E0552043-BC04-476F-B938-C2883D71FB7B}.AppStore|iPhoneSimulator.ActiveCfg = Release|Any CPU
		{E0552043-BC04-476F-B938-C2883D71FB7B}.AppStore|iPhoneSimulator.Build.0 = Release|Any CPU
		{E0552043-BC04-476F-B938-C2883D71FB7B}.AppStore|iPhoneSimulator.Deploy.0 = Release|Any CPU
		{E0552043-BC04-476F-B938-C2883D71FB7B}.Debug|Any CPU.ActiveCfg = Debug|Any CPU
		{E0552043-BC04-476F-B938-C2883D71FB7B}.Debug|Any CPU.Build.0 = Debug|Any CPU
		{E0552043-BC04-476F-B938-C2883D71FB7B}.Debug|Any CPU.Deploy.0 = Debug|Any CPU
		{E0552043-BC04-476F-B938-C2883D71FB7B}.Debug|iPhone.ActiveCfg = Debug|Any CPU
		{E0552043-BC04-476F-B938-C2883D71FB7B}.Debug|iPhone.Build.0 = Debug|Any CPU
		{E0552043-BC04-476F-B938-C2883D71FB7B}.Debug|iPhone.Deploy.0 = Debug|Any CPU
		{E0552043-BC04-476F-B938-C2883D71FB7B}.Debug|iPhoneSimulator.ActiveCfg = Debug|Any CPU
		{E0552043-BC04-476F-B938-C2883D71FB7B}.Debug|iPhoneSimulator.Build.0 = Debug|Any CPU
		{E0552043-BC04-476F-B938-C2883D71FB7B}.Debug|iPhoneSimulator.Deploy.0 = Debug|Any CPU
		{E0552043-BC04-476F-B938-C2883D71FB7B}.Release|Any CPU.ActiveCfg = Release|Any CPU
		{E0552043-BC04-476F-B938-C2883D71FB7B}.Release|Any CPU.Build.0 = Release|Any CPU
		{E0552043-BC04-476F-B938-C2883D71FB7B}.Release|Any CPU.Deploy.0 = Release|Any CPU
		{E0552043-BC04-476F-B938-C2883D71FB7B}.Release|iPhone.ActiveCfg = Release|Any CPU
		{E0552043-BC04-476F-B938-C2883D71FB7B}.Release|iPhone.Build.0 = Release|Any CPU
		{E0552043-BC04-476F-B938-C2883D71FB7B}.Release|iPhone.Deploy.0 = Release|Any CPU
		{E0552043-BC04-476F-B938-C2883D71FB7B}.Release|iPhoneSimulator.ActiveCfg = Release|Any CPU
		{E0552043-BC04-476F-B938-C2883D71FB7B}.Release|iPhoneSimulator.Build.0 = Release|Any CPU
		{E0552043-BC04-476F-B938-C2883D71FB7B}.Release|iPhoneSimulator.Deploy.0 = Release|Any CPU
	EndGlobalSection
	GlobalSection(SolutionProperties) = preSolution
		HideSolutionNode = FALSE
	EndGlobalSection
	GlobalSection(ExtensibilityGlobals) = postSolution
		SolutionGuid = {38551B78-BBED-4787-B1E6-15F2CC1550A2}
	EndGlobalSection
EndGlobal
